
Microsoft Visual Studio Solution File, Format Version 12.00
# Visual Studio Version 17
VisualStudioVersion = 17.10.35122.118
MinimumVisualStudioVersion = 10.0.40219.1
Project("{FAE04EC0-301F-11D3-BF4B-00C04F79EFBC}") = "Email", "Email.csproj", "{A23A4ED5-6950-49B3-AF3B-A24CB195FD46}"
EndProject
Project("{FAE04EC0-301F-11D3-BF4B-00C04F79EFBC}") = "Email.Test", "..\Email.Test\Email.Test.csproj", "{BB675218-F3F7-44D2-B5F9-5E4F9CEBF67B}"
EndProject
Global
	GlobalSection(SolutionConfigurationPlatforms) = preSolution
		Debug|Any CPU = Debug|Any CPU
		Release|Any CPU = Release|Any CPU
	EndGlobalSection
	GlobalSection(ProjectConfigurationPlatforms) = postSolution
		{A23A4ED5-6950-49B3-AF3B-A24CB195FD46}.Debug|Any CPU.ActiveCfg = Debug|Any CPU
		{A23A4ED5-6950-49B3-AF3B-A24CB195FD46}.Debug|Any CPU.Build.0 = Debug|Any CPU
		{A23A4ED5-6950-49B3-AF3B-A24CB195FD46}.Release|Any CPU.ActiveCfg = Release|Any CPU
		{A23A4ED5-6950-49B3-AF3B-A24CB195FD46}.Release|Any CPU.Build.0 = Release|Any CPU
		{BB675218-F3F7-44D2-B5F9-5E4F9CEBF67B}.Debug|Any CPU.ActiveCfg = Debug|Any CPU
		{BB675218-F3F7-44D2-B5F9-5E4F9CEBF67B}.Debug|Any CPU.Build.0 = Debug|Any CPU
		{BB675218-F3F7-44D2-B5F9-5E4F9CEBF67B}.Release|Any CPU.ActiveCfg = Release|Any CPU
		{BB675218-F3F7-44D2-B5F9-5E4F9CEBF67B}.Release|Any CPU.Build.0 = Release|Any CPU
	EndGlobalSection
	GlobalSection(SolutionProperties) = preSolution
		HideSolutionNode = FALSE
	EndGlobalSection
	GlobalSection(ExtensibilityGlobals) = postSolution
		SolutionGuid = {11DBB486-FA20-4464-929E-E023B31E4541}
	EndGlobalSection
EndGlobal
